
Microsoft Visual Studio Solution File, Format Version 12.00
# Visual Studio 14
VisualStudioVersion = 14.0.25420.1
MinimumVisualStudioVersion = 10.0.40219.1
Project("{FAE04EC0-301F-11D3-BF4B-00C04F79EFBC}") = "SetTime", "SetTime\SetTime.csproj", "{1A0E015A-4DF5-4653-8765-9155924C92F6}"
EndProject
Project("{FAE04EC0-301F-11D3-BF4B-00C04F79EFBC}") = "SD_Karte_lesen", "..\SD_Karte_lesen\SD_Karte_lesen\SD_Karte_lesen.csproj", "{580DCE44-F120-4EEF-84B6-D9B43E0FA9CF}"
EndProject
Global
	GlobalSection(SolutionConfigurationPlatforms) = preSolution
		Debug|Any CPU = Debug|Any CPU
		Release|Any CPU = Release|Any CPU
	EndGlobalSection
	GlobalSection(ProjectConfigurationPlatforms) = postSolution
		{1A0E015A-4DF5-4653-8765-9155924C92F6}.Debug|Any CPU.ActiveCfg = Debug|Any CPU
		{1A0E015A-4DF5-4653-8765-9155924C92F6}.Debug|Any CPU.Build.0 = Debug|Any CPU
		{1A0E015A-4DF5-4653-8765-9155924C92F6}.Release|Any CPU.ActiveCfg = Release|Any CPU
		{1A0E015A-4DF5-4653-8765-9155924C92F6}.Release|Any CPU.Build.0 = Release|Any CPU
		{580DCE44-F120-4EEF-84B6-D9B43E0FA9CF}.Debug|Any CPU.ActiveCfg = Debug|Any CPU
		{580DCE44-F120-4EEF-84B6-D9B43E0FA9CF}.Debug|Any CPU.Build.0 = Debug|Any CPU
		{580DCE44-F120-4EEF-84B6-D9B43E0FA9CF}.Release|Any CPU.ActiveCfg = Release|Any CPU
		{580DCE44-F120-4EEF-84B6-D9B43E0FA9CF}.Release|Any CPU.Build.0 = Release|Any CPU
	EndGlobalSection
	GlobalSection(SolutionProperties) = preSolution
		HideSolutionNode = FALSE
	EndGlobalSection
EndGlobal
